
Microsoft Visual Studio Solution File, Format Version 12.00
# Visual Studio Version 16
VisualStudioVersion = 16.0.29519.87
MinimumVisualStudioVersion = 10.0.40219.1
Project("{9A19103F-16F7-4668-BE54-9A1E7A4F7556}") = "Otchi.Ebml", "Otchi.Ebml\Otchi.Ebml.csproj", "{891AC652-2DEE-40E7-9C63-4505354E756A}"
EndProject
Project("{9A19103F-16F7-4668-BE54-9A1E7A4F7556}") = "Otchi.Matroska", "Otchi.Matroska\Otchi.Matroska.csproj", "{56B54CD9-9CF0-42B4-8896-B8DF74D640F2}"
EndProject
Project("{9A19103F-16F7-4668-BE54-9A1E7A4F7556}") = "Otchi.Core", "Otchi.Core\Otchi.Core.csproj", "{8418F274-7DAA-40BC-93D8-618F15C641D6}"
EndProject
Project("{9A19103F-16F7-4668-BE54-9A1E7A4F7556}") = "Otchi.Console", "Otchi.Console\Otchi.Console.csproj", "{0A2ECD8A-2368-4139-9C70-8EBE350755A0}"
EndProject
Project("{9A19103F-16F7-4668-BE54-9A1E7A4F7556}") = "Otchi.App", "Otchi.App\Otchi.App.csproj", "{8C605DE7-4476-4435-A5E8-99995F86A26B}"
EndProject
Project("{9A19103F-16F7-4668-BE54-9A1E7A4F7556}") = "Otchi.Video", "Otchi.Video\Otchi.Video.csproj", "{111D4734-1412-4F58-B2CA-1120CFC41192}"
EndProject
Global
	GlobalSection(SolutionConfigurationPlatforms) = preSolution
		Debug|Any CPU = Debug|Any CPU
		Release|Any CPU = Release|Any CPU
	EndGlobalSection
	GlobalSection(ProjectConfigurationPlatforms) = postSolution
		{891AC652-2DEE-40E7-9C63-4505354E756A}.Debug|Any CPU.ActiveCfg = Debug|Any CPU
		{891AC652-2DEE-40E7-9C63-4505354E756A}.Debug|Any CPU.Build.0 = Debug|Any CPU
		{891AC652-2DEE-40E7-9C63-4505354E756A}.Release|Any CPU.ActiveCfg = Release|Any CPU
		{891AC652-2DEE-40E7-9C63-4505354E756A}.Release|Any CPU.Build.0 = Release|Any CPU
		{56B54CD9-9CF0-42B4-8896-B8DF74D640F2}.Debug|Any CPU.ActiveCfg = Debug|Any CPU
		{56B54CD9-9CF0-42B4-8896-B8DF74D640F2}.Debug|Any CPU.Build.0 = Debug|Any CPU
		{56B54CD9-9CF0-42B4-8896-B8DF74D640F2}.Release|Any CPU.ActiveCfg = Release|Any CPU
		{56B54CD9-9CF0-42B4-8896-B8DF74D640F2}.Release|Any CPU.Build.0 = Release|Any CPU
		{8418F274-7DAA-40BC-93D8-618F15C641D6}.Debug|Any CPU.ActiveCfg = Debug|Any CPU
		{8418F274-7DAA-40BC-93D8-618F15C641D6}.Debug|Any CPU.Build.0 = Debug|Any CPU
		{8418F274-7DAA-40BC-93D8-618F15C641D6}.Release|Any CPU.ActiveCfg = Release|Any CPU
		{8418F274-7DAA-40BC-93D8-618F15C641D6}.Release|Any CPU.Build.0 = Release|Any CPU
		{0A2ECD8A-2368-4139-9C70-8EBE350755A0}.Debug|Any CPU.ActiveCfg = Debug|Any CPU
		{0A2ECD8A-2368-4139-9C70-8EBE350755A0}.Debug|Any CPU.Build.0 = Debug|Any CPU
		{0A2ECD8A-2368-4139-9C70-8EBE350755A0}.Release|Any CPU.ActiveCfg = Release|Any CPU
		{0A2ECD8A-2368-4139-9C70-8EBE350755A0}.Release|Any CPU.Build.0 = Release|Any CPU
		{8C605DE7-4476-4435-A5E8-99995F86A26B}.Debug|Any CPU.ActiveCfg = Debug|Any CPU
		{8C605DE7-4476-4435-A5E8-99995F86A26B}.Debug|Any CPU.Build.0 = Debug|Any CPU
		{8C605DE7-4476-4435-A5E8-99995F86A26B}.Release|Any CPU.ActiveCfg = Release|Any CPU
		{8C605DE7-4476-4435-A5E8-99995F86A26B}.Release|Any CPU.Build.0 = Release|Any CPU
		{111D4734-1412-4F58-B2CA-1120CFC41192}.Debug|Any CPU.ActiveCfg = Debug|Any CPU
		{111D4734-1412-4F58-B2CA-1120CFC41192}.Debug|Any CPU.Build.0 = Debug|Any CPU
		{111D4734-1412-4F58-B2CA-1120CFC41192}.Release|Any CPU.ActiveCfg = Release|Any CPU
		{111D4734-1412-4F58-B2CA-1120CFC41192}.Release|Any CPU.Build.0 = Release|Any CPU
	EndGlobalSection
	GlobalSection(SolutionProperties) = preSolution
		HideSolutionNode = FALSE
	EndGlobalSection
	GlobalSection(ExtensibilityGlobals) = postSolution
		SolutionGuid = {58E0065B-49F9-4AA4-8770-371D3A1FE6E9}
	EndGlobalSection
EndGlobal
